# @generated by Move, please check-in and do not edit manually.

[move]
version = 3
manifest_digest = "CFD98C3917EF589B3D472D641D198E4DA2C25A3021496478CFF4AEF4A56C12C8"
deps_digest = "F8BBB0CCB2491CA29A3DF03D6F92277A4F3574266507ACD77214D37ECA3F3082"
dependencies = [
  { id = "Sui", name = "Sui" },
]

[[move.package]]
id = "MoveStdlib"
source = { git = "https://github.com/MystenLabs/sui.git", rev = "framework/testnet", subdir = "crates/sui-framework/packages/move-stdlib" }

[[move.package]]
id = "Sui"
source = { git = "https://github.com/MystenLabs/sui.git", rev = "framework/testnet", subdir = "crates/sui-framework/packages/sui-framework" }

dependencies = [
  { id = "MoveStdlib", name = "MoveStdlib" },
]

[move.toolchain-version]
compiler-version = "1.38.2"
edition = "2024.beta"
flavor = "sui"

[env]

[env.devnet]
chain-id = "e8c8eaba"
original-published-id = "0x7622c851509bdcb6e7377b58a0e5aec7eedf9c6e80c81131d222950e0c5b9706"
latest-published-id = "0x7622c851509bdcb6e7377b58a0e5aec7eedf9c6e80c81131d222950e0c5b9706"
published-version = "1"

[env.testnet]
chain-id = "4c78adac"
original-published-id = "0x07dddc9faecdb85560f829c72948e9158c852dce572dd4624d30510edc283f05"
latest-published-id = "0x07dddc9faecdb85560f829c72948e9158c852dce572dd4624d30510edc283f05"
published-version = "1"
