# @generated by Move, please check-in and do not edit manually.

[move]
version = 3
manifest_digest = "9331A86BD0FFA57BA367E0511B64312505F5EEE2F3807B719314AF55B27ACDD7"
deps_digest = "F8BBB0CCB2491CA29A3DF03D6F92277A4F3574266507ACD77214D37ECA3F3082"
dependencies = [
  { id = "Sui", name = "Sui" },
]

[[move.package]]
id = "MoveStdlib"
source = { git = "https://github.com/MystenLabs/sui.git", rev = "framework/testnet", subdir = "crates/sui-framework/packages/move-stdlib" }

[[move.package]]
id = "Sui"
source = { git = "https://github.com/MystenLabs/sui.git", rev = "framework/testnet", subdir = "crates/sui-framework/packages/sui-framework" }

dependencies = [
  { id = "MoveStdlib", name = "MoveStdlib" },
]

[move.toolchain-version]
compiler-version = "1.38.3"
edition = "2024.beta"
flavor = "sui"

[env]

[env.devnet]
chain-id = "7f81d47e"
original-published-id = "0xea969675a5727adf09d3a5903b52e5df5c759cd031aae4e3d35914a31c6e7257"
latest-published-id = "0xea969675a5727adf09d3a5903b52e5df5c759cd031aae4e3d35914a31c6e7257"
published-version = "1"

[env.testnet]
chain-id = "4c78adac"
original-published-id = "0xef932a2b3a6a51b84d498981c7a20140219cd51c62451a7b4ba0931b750bb038"
latest-published-id = "0xef932a2b3a6a51b84d498981c7a20140219cd51c62451a7b4ba0931b750bb038"
published-version = "1"

[env.mainnet]
chain-id = "35834a8a"
original-published-id = "0xf3d386954dad5e1aad298f9d3c2e962eff783461bfe0bd09ef4d466edebf7453"
latest-published-id = "0xf3d386954dad5e1aad298f9d3c2e962eff783461bfe0bd09ef4d466edebf7453"
published-version = "1"
