# @generated by Move, please check-in and do not edit manually.

[move]
version = 3
manifest_digest = "9331A86BD0FFA57BA367E0511B64312505F5EEE2F3807B719314AF55B27ACDD7"
deps_digest = "F8BBB0CCB2491CA29A3DF03D6F92277A4F3574266507ACD77214D37ECA3F3082"
dependencies = [
  { id = "Sui", name = "Sui" },
]

[[move.package]]
id = "MoveStdlib"
source = { git = "https://github.com/MystenLabs/sui.git", rev = "framework/testnet", subdir = "crates/sui-framework/packages/move-stdlib" }

[[move.package]]
id = "Sui"
source = { git = "https://github.com/MystenLabs/sui.git", rev = "framework/testnet", subdir = "crates/sui-framework/packages/sui-framework" }

dependencies = [
  { id = "MoveStdlib", name = "MoveStdlib" },
]

[move.toolchain-version]
compiler-version = "1.38.3"
edition = "2024.beta"
flavor = "sui"

[env]

[env.devnet]
chain-id = "663dca31"
original-published-id = "0xa0ee6b06992f2b052680cf85b84eecd2a33b0a16d3a0d1980f9ad389ab5c86bb"
latest-published-id = "0xa0ee6b06992f2b052680cf85b84eecd2a33b0a16d3a0d1980f9ad389ab5c86bb"
published-version = "1"

[env.testnet]
chain-id = "4c78adac"
original-published-id = "0xef932a2b3a6a51b84d498981c7a20140219cd51c62451a7b4ba0931b750bb038"
latest-published-id = "0xef932a2b3a6a51b84d498981c7a20140219cd51c62451a7b4ba0931b750bb038"
published-version = "1"
